// !$*UTF8*$!
{
	archiveVersion = 1;
	classes = {
	};
	objectVersion = 50;
	objects = {

/* Begin PBXBuildFile section */
		59659C5E47F5AF5DEF01218B /* Pods_Rockety.framework in Frameworks */ = {isa = PBXBuildFile; fileRef = 3F5BCB285AB369899EB015F6 /* Pods_Rockety.framework */; };
		656D7C1220B33271000AC58C /* An-Black.otf in Resources */ = {isa = PBXBuildFile; fileRef = 658DCF8820B33150001B0843 /* An-Black.otf */; };
		656D7C1320B33271000AC58C /* An-Bold.otf in Resources */ = {isa = PBXBuildFile; fileRef = 658DCF8C20B33151001B0843 /* An-Bold.otf */; };
		656D7C1420B33271000AC58C /* An-Light.otf in Resources */ = {isa = PBXBuildFile; fileRef = 658DCF8720B3314F001B0843 /* An-Light.otf */; };
		656D7C1520B33271000AC58C /* An-Ultrabold.otf in Resources */ = {isa = PBXBuildFile; fileRef = 658DCF8920B33150001B0843 /* An-Ultrabold.otf */; };
		656D7C1620B33271000AC58C /* An-Regular.otf in Resources */ = {isa = PBXBuildFile; fileRef = 658DCF8A20B33150001B0843 /* An-Regular.otf */; };
		656D7C1920B333D5000AC58C /* MissionTableViewCell.swift in Sources */ = {isa = PBXBuildFile; fileRef = 656D7C1820B333D5000AC58C /* MissionTableViewCell.swift */; };
		656D7C1B20B334C9000AC58C /* Mission.swift in Sources */ = {isa = PBXBuildFile; fileRef = 656D7C1A20B334C9000AC58C /* Mission.swift */; };
		656D7C1D20B33941000AC58C /* API.swift in Sources */ = {isa = PBXBuildFile; fileRef = 656D7C1C20B33941000AC58C /* API.swift */; };
		656D7C1E20B35CA4000AC58C /* Anurati-Regular.otf in Resources */ = {isa = PBXBuildFile; fileRef = 658DCF7020B321DF001B0843 /* Anurati-Regular.otf */; };
		658DCF5120B32081001B0843 /* AppDelegate.swift in Sources */ = {isa = PBXBuildFile; fileRef = 658DCF5020B32081001B0843 /* AppDelegate.swift */; };
		658DCF5320B32081001B0843 /* MissionsViewController.swift in Sources */ = {isa = PBXBuildFile; fileRef = 658DCF5220B32081001B0843 /* MissionsViewController.swift */; };
		658DCF5620B32081001B0843 /* Main.storyboard in Resources */ = {isa = PBXBuildFile; fileRef = 658DCF5420B32081001B0843 /* Main.storyboard */; };
		658DCF5820B32092001B0843 /* Assets.xcassets in Resources */ = {isa = PBXBuildFile; fileRef = 658DCF5720B32092001B0843 /* Assets.xcassets */; };
		658DCF5B20B32092001B0843 /* LaunchScreen.storyboard in Resources */ = {isa = PBXBuildFile; fileRef = 658DCF5920B32092001B0843 /* LaunchScreen.storyboard */; };
		658DCF6620B32092001B0843 /* RocketyTests.swift in Sources */ = {isa = PBXBuildFile; fileRef = 658DCF6520B32092001B0843 /* RocketyTests.swift */; };
		65A48D5F20B4705D000F7EEE /* MissionDetailTableViewCell.swift in Sources */ = {isa = PBXBuildFile; fileRef = 65A48D5E20B4705D000F7EEE /* MissionDetailTableViewCell.swift */; };
		65A48D6120B47273000F7EEE /* MissionsDetailViewController.swift in Sources */ = {isa = PBXBuildFile; fileRef = 65A48D6020B47273000F7EEE /* MissionsDetailViewController.swift */; };
		65A48D6320B47762000F7EEE /* Rocket.swift in Sources */ = {isa = PBXBuildFile; fileRef = 65A48D6220B47762000F7EEE /* Rocket.swift */; };
		65A48D6520B47C9C000F7EEE /* Launchpad.swift in Sources */ = {isa = PBXBuildFile; fileRef = 65A48D6420B47C9C000F7EEE /* Launchpad.swift */; };
		8752B2FC3D685A729FE779B4 /* Pods_RocketyTests.framework in Frameworks */ = {isa = PBXBuildFile; fileRef = B419DF861867734F1A540D70 /* Pods_RocketyTests.framework */; };
/* End PBXBuildFile section */

/* Begin PBXContainerItemProxy section */
		658DCF6220B32092001B0843 /* PBXContainerItemProxy */ = {
			isa = PBXContainerItemProxy;
			containerPortal = 658DCF4520B32080001B0843 /* Project object */;
			proxyType = 1;
			remoteGlobalIDString = 658DCF4C20B32080001B0843;
			remoteInfo = Rockety;
		};
/* End PBXContainerItemProxy section */

/* Begin PBXFileReference section */
		1517BB096DF03C2BC2AE67E2 /* Pods-Rockety.release.xcconfig */ = {isa = PBXFileReference; includeInIndex = 1; lastKnownFileType = text.xcconfig; name = "Pods-Rockety.release.xcconfig"; path = "Pods/Target Support Files/Pods-Rockety/Pods-Rockety.release.xcconfig"; sourceTree = "<group>"; };
		3F5BCB285AB369899EB015F6 /* Pods_Rockety.framework */ = {isa = PBXFileReference; explicitFileType = wrapper.framework; includeInIndex = 0; path = Pods_Rockety.framework; sourceTree = BUILT_PRODUCTS_DIR; };
		656D7C1820B333D5000AC58C /* MissionTableViewCell.swift */ = {isa = PBXFileReference; lastKnownFileType = sourcecode.swift; path = MissionTableViewCell.swift; sourceTree = "<group>"; };
		656D7C1A20B334C9000AC58C /* Mission.swift */ = {isa = PBXFileReference; lastKnownFileType = sourcecode.swift; path = Mission.swift; sourceTree = "<group>"; };
		656D7C1C20B33941000AC58C /* API.swift */ = {isa = PBXFileReference; lastKnownFileType = sourcecode.swift; path = API.swift; sourceTree = "<group>"; };
		658DCF4D20B32081001B0843 /* Rockety.app */ = {isa = PBXFileReference; explicitFileType = wrapper.application; includeInIndex = 0; path = Rockety.app; sourceTree = BUILT_PRODUCTS_DIR; };
		658DCF5020B32081001B0843 /* AppDelegate.swift */ = {isa = PBXFileReference; lastKnownFileType = sourcecode.swift; path = AppDelegate.swift; sourceTree = "<group>"; };
		658DCF5220B32081001B0843 /* MissionsViewController.swift */ = {isa = PBXFileReference; lastKnownFileType = sourcecode.swift; path = MissionsViewController.swift; sourceTree = "<group>"; };
		658DCF5520B32081001B0843 /* Base */ = {isa = PBXFileReference; lastKnownFileType = file.storyboard; name = Base; path = Base.lproj/Main.storyboard; sourceTree = "<group>"; };
		658DCF5720B32092001B0843 /* Assets.xcassets */ = {isa = PBXFileReference; lastKnownFileType = folder.assetcatalog; path = Assets.xcassets; sourceTree = "<group>"; };
		658DCF5A20B32092001B0843 /* Base */ = {isa = PBXFileReference; lastKnownFileType = file.storyboard; name = Base; path = Base.lproj/LaunchScreen.storyboard; sourceTree = "<group>"; };
		658DCF5C20B32092001B0843 /* Info.plist */ = {isa = PBXFileReference; lastKnownFileType = text.plist.xml; path = Info.plist; sourceTree = "<group>"; };
		658DCF6120B32092001B0843 /* RocketyTests.xctest */ = {isa = PBXFileReference; explicitFileType = wrapper.cfbundle; includeInIndex = 0; path = RocketyTests.xctest; sourceTree = BUILT_PRODUCTS_DIR; };
		658DCF6520B32092001B0843 /* RocketyTests.swift */ = {isa = PBXFileReference; lastKnownFileType = sourcecode.swift; path = RocketyTests.swift; sourceTree = "<group>"; };
		658DCF6720B32092001B0843 /* Info.plist */ = {isa = PBXFileReference; lastKnownFileType = text.plist.xml; path = Info.plist; sourceTree = "<group>"; };
		658DCF7020B321DF001B0843 /* Anurati-Regular.otf */ = {isa = PBXFileReference; lastKnownFileType = file; path = "Anurati-Regular.otf"; sourceTree = "<group>"; };
		658DCF8720B3314F001B0843 /* An-Light.otf */ = {isa = PBXFileReference; lastKnownFileType = file; path = "An-Light.otf"; sourceTree = "<group>"; };
		658DCF8820B33150001B0843 /* An-Black.otf */ = {isa = PBXFileReference; lastKnownFileType = file; path = "An-Black.otf"; sourceTree = "<group>"; };
		658DCF8920B33150001B0843 /* An-Ultrabold.otf */ = {isa = PBXFileReference; lastKnownFileType = file; path = "An-Ultrabold.otf"; sourceTree = "<group>"; };
		658DCF8A20B33150001B0843 /* An-Regular.otf */ = {isa = PBXFileReference; lastKnownFileType = file; path = "An-Regular.otf"; sourceTree = "<group>"; };
		658DCF8C20B33151001B0843 /* An-Bold.otf */ = {isa = PBXFileReference; lastKnownFileType = file; path = "An-Bold.otf"; sourceTree = "<group>"; };
		65A48D5E20B4705D000F7EEE /* MissionDetailTableViewCell.swift */ = {isa = PBXFileReference; lastKnownFileType = sourcecode.swift; path = MissionDetailTableViewCell.swift; sourceTree = "<group>"; };
		65A48D6020B47273000F7EEE /* MissionsDetailViewController.swift */ = {isa = PBXFileReference; lastKnownFileType = sourcecode.swift; path = MissionsDetailViewController.swift; sourceTree = "<group>"; };
		65A48D6220B47762000F7EEE /* Rocket.swift */ = {isa = PBXFileReference; lastKnownFileType = sourcecode.swift; path = Rocket.swift; sourceTree = "<group>"; };
		65A48D6420B47C9C000F7EEE /* Launchpad.swift */ = {isa = PBXFileReference; lastKnownFileType = sourcecode.swift; path = Launchpad.swift; sourceTree = "<group>"; };
		7E63E337A4F690B700349812 /* Pods-RocketyTests.debug.xcconfig */ = {isa = PBXFileReference; includeInIndex = 1; lastKnownFileType = text.xcconfig; name = "Pods-RocketyTests.debug.xcconfig"; path = "Pods/Target Support Files/Pods-RocketyTests/Pods-RocketyTests.debug.xcconfig"; sourceTree = "<group>"; };
		B419DF861867734F1A540D70 /* Pods_RocketyTests.framework */ = {isa = PBXFileReference; explicitFileType = wrapper.framework; includeInIndex = 0; path = Pods_RocketyTests.framework; sourceTree = BUILT_PRODUCTS_DIR; };
		CC7CE8E5E08897540CB140E1 /* Pods-RocketyTests.release.xcconfig */ = {isa = PBXFileReference; includeInIndex = 1; lastKnownFileType = text.xcconfig; name = "Pods-RocketyTests.release.xcconfig"; path = "Pods/Target Support Files/Pods-RocketyTests/Pods-RocketyTests.release.xcconfig"; sourceTree = "<group>"; };
		E60530EC1CF2AA160F65D3EB /* Pods-Rockety.debug.xcconfig */ = {isa = PBXFileReference; includeInIndex = 1; lastKnownFileType = text.xcconfig; name = "Pods-Rockety.debug.xcconfig"; path = "Pods/Target Support Files/Pods-Rockety/Pods-Rockety.debug.xcconfig"; sourceTree = "<group>"; };
/* End PBXFileReference section */

/* Begin PBXFrameworksBuildPhase section */
		658DCF4A20B32080001B0843 /* Frameworks */ = {
			isa = PBXFrameworksBuildPhase;
			buildActionMask = 2147483647;
			files = (
				59659C5E47F5AF5DEF01218B /* Pods_Rockety.framework in Frameworks */,
			);
			runOnlyForDeploymentPostprocessing = 0;
		};
		658DCF5E20B32092001B0843 /* Frameworks */ = {
			isa = PBXFrameworksBuildPhase;
			buildActionMask = 2147483647;
			files = (
				8752B2FC3D685A729FE779B4 /* Pods_RocketyTests.framework in Frameworks */,
			);
			runOnlyForDeploymentPostprocessing = 0;
		};
/* End PBXFrameworksBuildPhase section */

/* Begin PBXGroup section */
		30FC851FE572F879CD7CE282 /* Pods */ = {
			isa = PBXGroup;
			children = (
				E60530EC1CF2AA160F65D3EB /* Pods-Rockety.debug.xcconfig */,
				1517BB096DF03C2BC2AE67E2 /* Pods-Rockety.release.xcconfig */,
				7E63E337A4F690B700349812 /* Pods-RocketyTests.debug.xcconfig */,
				CC7CE8E5E08897540CB140E1 /* Pods-RocketyTests.release.xcconfig */,
			);
			name = Pods;
			sourceTree = "<group>";
		};
		658DCF4420B32080001B0843 = {
			isa = PBXGroup;
			children = (
				658DCF4F20B32081001B0843 /* Rockety */,
				658DCF6420B32092001B0843 /* RocketyTests */,
				658DCF4E20B32081001B0843 /* Products */,
				30FC851FE572F879CD7CE282 /* Pods */,
				A1231BFF90DB72B7E7861BC0 /* Frameworks */,
			);
			sourceTree = "<group>";
		};
		658DCF4E20B32081001B0843 /* Products */ = {
			isa = PBXGroup;
			children = (
				658DCF4D20B32081001B0843 /* Rockety.app */,
				658DCF6120B32092001B0843 /* RocketyTests.xctest */,
			);
			name = Products;
			sourceTree = "<group>";
		};
		658DCF4F20B32081001B0843 /* Rockety */ = {
			isa = PBXGroup;
			children = (
				658DCF5020B32081001B0843 /* AppDelegate.swift */,
				658DCF5220B32081001B0843 /* MissionsViewController.swift */,
				65A48D6020B47273000F7EEE /* MissionsDetailViewController.swift */,
				656D7C1820B333D5000AC58C /* MissionTableViewCell.swift */,
				65A48D5E20B4705D000F7EEE /* MissionDetailTableViewCell.swift */,
				65A48D6920B48F40000F7EEE /* API */,
				658DCF5420B32081001B0843 /* Main.storyboard */,
				658DCF5720B32092001B0843 /* Assets.xcassets */,
				658DCF5920B32092001B0843 /* LaunchScreen.storyboard */,
				658DCF5C20B32092001B0843 /* Info.plist */,
				65A48D6B20B48F5B000F7EEE /* Supporting Files */,
			);
			path = Rockety;
			sourceTree = "<group>";
		};
		658DCF6420B32092001B0843 /* RocketyTests */ = {
			isa = PBXGroup;
			children = (
				658DCF6520B32092001B0843 /* RocketyTests.swift */,
				658DCF6720B32092001B0843 /* Info.plist */,
			);
			path = RocketyTests;
			sourceTree = "<group>";
		};
		65A48D6820B48F35000F7EEE /* SpaceX */ = {
			isa = PBXGroup;
			children = (
				656D7C1A20B334C9000AC58C /* Mission.swift */,
				65A48D6220B47762000F7EEE /* Rocket.swift */,
				65A48D6420B47C9C000F7EEE /* Launchpad.swift */,
			);
			path = SpaceX;
			sourceTree = "<group>";
		};
		65A48D6920B48F40000F7EEE /* API */ = {
			isa = PBXGroup;
			children = (
				656D7C1C20B33941000AC58C /* API.swift */,
				65A48D6A20B48F46000F7EEE /* NASA */,
				65A48D6820B48F35000F7EEE /* SpaceX */,
			);
			path = API;
			sourceTree = "<group>";
		};
		65A48D6A20B48F46000F7EEE /* NASA */ = {
			isa = PBXGroup;
			children = (
			);
			path = NASA;
			sourceTree = "<group>";
		};
		65A48D6B20B48F5B000F7EEE /* Supporting Files */ = {
			isa = PBXGroup;
			children = (
				65A48D6C20B48F67000F7EEE /* Fonts */,
			);
			path = "Supporting Files";
			sourceTree = "<group>";
		};
		65A48D6C20B48F67000F7EEE /* Fonts */ = {
			isa = PBXGroup;
			children = (
				658DCF7020B321DF001B0843 /* Anurati-Regular.otf */,
				658DCF8820B33150001B0843 /* An-Black.otf */,
				658DCF8C20B33151001B0843 /* An-Bold.otf */,
				658DCF8720B3314F001B0843 /* An-Light.otf */,
				658DCF8920B33150001B0843 /* An-Ultrabold.otf */,
				658DCF8A20B33150001B0843 /* An-Regular.otf */,
			);
			path = Fonts;
			sourceTree = "<group>";
		};
		A1231BFF90DB72B7E7861BC0 /* Frameworks */ = {
			isa = PBXGroup;
			children = (
				3F5BCB285AB369899EB015F6 /* Pods_Rockety.framework */,
				B419DF861867734F1A540D70 /* Pods_RocketyTests.framework */,
			);
			name = Frameworks;
			sourceTree = "<group>";
		};
/* End PBXGroup section */

/* Begin PBXNativeTarget section */
		658DCF4C20B32080001B0843 /* Rockety */ = {
			isa = PBXNativeTarget;
			buildConfigurationList = 658DCF6A20B32092001B0843 /* Build configuration list for PBXNativeTarget "Rockety" */;
			buildPhases = (
				A0265A2715E07758FBDBFB41 /* [CP] Check Pods Manifest.lock */,
				658DCF4920B32080001B0843 /* Sources */,
				658DCF4A20B32080001B0843 /* Frameworks */,
				658DCF4B20B32080001B0843 /* Resources */,
				3D3F8F6A33A31FE665C1C95E /* [CP] Embed Pods Frameworks */,
				FFD510A1E7F3F3625933C333 /* [CP] Copy Pods Resources */,
			);
			buildRules = (
			);
			dependencies = (
			);
			name = Rockety;
			productName = Rockety;
			productReference = 658DCF4D20B32081001B0843 /* Rockety.app */;
			productType = "com.apple.product-type.application";
		};
		658DCF6020B32092001B0843 /* RocketyTests */ = {
			isa = PBXNativeTarget;
			buildConfigurationList = 658DCF6D20B32092001B0843 /* Build configuration list for PBXNativeTarget "RocketyTests" */;
			buildPhases = (
				296D989F4E486BC9E8DAE359 /* [CP] Check Pods Manifest.lock */,
				658DCF5D20B32092001B0843 /* Sources */,
				658DCF5E20B32092001B0843 /* Frameworks */,
				658DCF5F20B32092001B0843 /* Resources */,
				1E1E731EBD5CE04BFB6BF464 /* [CP] Embed Pods Frameworks */,
				FDCB8DF78F47BA45CF604440 /* [CP] Copy Pods Resources */,
			);
			buildRules = (
			);
			dependencies = (
				658DCF6320B32092001B0843 /* PBXTargetDependency */,
			);
			name = RocketyTests;
			productName = RocketyTests;
			productReference = 658DCF6120B32092001B0843 /* RocketyTests.xctest */;
			productType = "com.apple.product-type.bundle.unit-test";
		};
/* End PBXNativeTarget section */

/* Begin PBXProject section */
		658DCF4520B32080001B0843 /* Project object */ = {
			isa = PBXProject;
			attributes = {
				LastSwiftUpdateCheck = 0930;
				LastUpgradeCheck = 0930;
				ORGANIZATIONNAME = "Antoine Bellanger";
				TargetAttributes = {
					658DCF4C20B32080001B0843 = {
						CreatedOnToolsVersion = 9.3;
					};
					658DCF6020B32092001B0843 = {
						CreatedOnToolsVersion = 9.3;
						TestTargetID = 658DCF4C20B32080001B0843;
					};
				};
			};
			buildConfigurationList = 658DCF4820B32080001B0843 /* Build configuration list for PBXProject "Rockety" */;
			compatibilityVersion = "Xcode 9.3";
			developmentRegion = en;
			hasScannedForEncodings = 0;
			knownRegions = (
				en,
				Base,
			);
			mainGroup = 658DCF4420B32080001B0843;
			productRefGroup = 658DCF4E20B32081001B0843 /* Products */;
			projectDirPath = "";
			projectRoot = "";
			targets = (
				658DCF4C20B32080001B0843 /* Rockety */,
				658DCF6020B32092001B0843 /* RocketyTests */,
			);
		};
/* End PBXProject section */

/* Begin PBXResourcesBuildPhase section */
		658DCF4B20B32080001B0843 /* Resources */ = {
			isa = PBXResourcesBuildPhase;
			buildActionMask = 2147483647;
			files = (
				656D7C1320B33271000AC58C /* An-Bold.otf in Resources */,
				656D7C1E20B35CA4000AC58C /* Anurati-Regular.otf in Resources */,
				656D7C1220B33271000AC58C /* An-Black.otf in Resources */,
				658DCF5B20B32092001B0843 /* LaunchScreen.storyboard in Resources */,
				656D7C1620B33271000AC58C /* An-Regular.otf in Resources */,
				656D7C1420B33271000AC58C /* An-Light.otf in Resources */,
				658DCF5820B32092001B0843 /* Assets.xcassets in Resources */,
				656D7C1520B33271000AC58C /* An-Ultrabold.otf in Resources */,
				658DCF5620B32081001B0843 /* Main.storyboard in Resources */,
			);
			runOnlyForDeploymentPostprocessing = 0;
		};
		658DCF5F20B32092001B0843 /* Resources */ = {
			isa = PBXResourcesBuildPhase;
			buildActionMask = 2147483647;
			files = (
			);
			runOnlyForDeploymentPostprocessing = 0;
		};
/* End PBXResourcesBuildPhase section */

/* Begin PBXShellScriptBuildPhase section */
		1E1E731EBD5CE04BFB6BF464 /* [CP] Embed Pods Frameworks */ = {
			isa = PBXShellScriptBuildPhase;
			buildActionMask = 2147483647;
			files = (
			);
			inputPaths = (
			);
			name = "[CP] Embed Pods Frameworks";
			outputPaths = (
			);
			runOnlyForDeploymentPostprocessing = 0;
			shellPath = /bin/sh;
			shellScript = "\"${SRCROOT}/Pods/Target Support Files/Pods-RocketyTests/Pods-RocketyTests-frameworks.sh\"\n";
			showEnvVarsInLog = 0;
		};
		296D989F4E486BC9E8DAE359 /* [CP] Check Pods Manifest.lock */ = {
			isa = PBXShellScriptBuildPhase;
			buildActionMask = 2147483647;
			files = (
			);
			inputPaths = (
				"${PODS_PODFILE_DIR_PATH}/Podfile.lock",
				"${PODS_ROOT}/Manifest.lock",
			);
			name = "[CP] Check Pods Manifest.lock";
			outputPaths = (
				"$(DERIVED_FILE_DIR)/Pods-RocketyTests-checkManifestLockResult.txt",
			);
			runOnlyForDeploymentPostprocessing = 0;
			shellPath = /bin/sh;
			shellScript = "diff \"${PODS_PODFILE_DIR_PATH}/Podfile.lock\" \"${PODS_ROOT}/Manifest.lock\" > /dev/null\nif [ $? != 0 ] ; then\n    # print error to STDERR\n    echo \"error: The sandbox is not in sync with the Podfile.lock. Run 'pod install' or update your CocoaPods installation.\" >&2\n    exit 1\nfi\n# This output is used by Xcode 'outputs' to avoid re-running this script phase.\necho \"SUCCESS\" > \"${SCRIPT_OUTPUT_FILE_0}\"\n";
			showEnvVarsInLog = 0;
		};
		3D3F8F6A33A31FE665C1C95E /* [CP] Embed Pods Frameworks */ = {
			isa = PBXShellScriptBuildPhase;
			buildActionMask = 2147483647;
			files = (
			);
			inputPaths = (
				"${SRCROOT}/Pods/Target Support Files/Pods-Rockety/Pods-Rockety-frameworks.sh",
				"${BUILT_PRODUCTS_DIR}/Alamofire/Alamofire.framework",
				"${BUILT_PRODUCTS_DIR}/AlamofireImage/AlamofireImage.framework",
				"${BUILT_PRODUCTS_DIR}/CFAlertViewController/CFAlertViewController.framework",
				"${BUILT_PRODUCTS_DIR}/PinterestSegment/PinterestSegment.framework",
			);
			name = "[CP] Embed Pods Frameworks";
			outputPaths = (
				"${TARGET_BUILD_DIR}/${FRAMEWORKS_FOLDER_PATH}/Alamofire.framework",
				"${TARGET_BUILD_DIR}/${FRAMEWORKS_FOLDER_PATH}/AlamofireImage.framework",
				"${TARGET_BUILD_DIR}/${FRAMEWORKS_FOLDER_PATH}/CFAlertViewController.framework",
				"${TARGET_BUILD_DIR}/${FRAMEWORKS_FOLDER_PATH}/PinterestSegment.framework",
			);
			runOnlyForDeploymentPostprocessing = 0;
			shellPath = /bin/sh;
			shellScript = "\"${SRCROOT}/Pods/Target Support Files/Pods-Rockety/Pods-Rockety-frameworks.sh\"\n";
			showEnvVarsInLog = 0;
		};
		A0265A2715E07758FBDBFB41 /* [CP] Check Pods Manifest.lock */ = {
			isa = PBXShellScriptBuildPhase;
			buildActionMask = 2147483647;
			files = (
			);
			inputPaths = (
				"${PODS_PODFILE_DIR_PATH}/Podfile.lock",
				"${PODS_ROOT}/Manifest.lock",
			);
			name = "[CP] Check Pods Manifest.lock";
			outputPaths = (
				"$(DERIVED_FILE_DIR)/Pods-Rockety-checkManifestLockResult.txt",
			);
			runOnlyForDeploymentPostprocessing = 0;
			shellPath = /bin/sh;
			shellScript = "diff \"${PODS_PODFILE_DIR_PATH}/Podfile.lock\" \"${PODS_ROOT}/Manifest.lock\" > /dev/null\nif [ $? != 0 ] ; then\n    # print error to STDERR\n    echo \"error: The sandbox is not in sync with the Podfile.lock. Run 'pod install' or update your CocoaPods installation.\" >&2\n    exit 1\nfi\n# This output is used by Xcode 'outputs' to avoid re-running this script phase.\necho \"SUCCESS\" > \"${SCRIPT_OUTPUT_FILE_0}\"\n";
			showEnvVarsInLog = 0;
		};
		FDCB8DF78F47BA45CF604440 /* [CP] Copy Pods Resources */ = {
			isa = PBXShellScriptBuildPhase;
			buildActionMask = 2147483647;
			files = (
			);
			inputPaths = (
			);
			name = "[CP] Copy Pods Resources";
			outputPaths = (
			);
			runOnlyForDeploymentPostprocessing = 0;
			shellPath = /bin/sh;
			shellScript = "\"${SRCROOT}/Pods/Target Support Files/Pods-RocketyTests/Pods-RocketyTests-resources.sh\"\n";
			showEnvVarsInLog = 0;
		};
		FFD510A1E7F3F3625933C333 /* [CP] Copy Pods Resources */ = {
			isa = PBXShellScriptBuildPhase;
			buildActionMask = 2147483647;
			files = (
			);
			inputPaths = (
			);
			name = "[CP] Copy Pods Resources";
			outputPaths = (
			);
			runOnlyForDeploymentPostprocessing = 0;
			shellPath = /bin/sh;
			shellScript = "\"${SRCROOT}/Pods/Target Support Files/Pods-Rockety/Pods-Rockety-resources.sh\"\n";
			showEnvVarsInLog = 0;
		};
/* End PBXShellScriptBuildPhase section */

/* Begin PBXSourcesBuildPhase section */
		658DCF4920B32080001B0843 /* Sources */ = {
			isa = PBXSourcesBuildPhase;
			buildActionMask = 2147483647;
			files = (
				658DCF5320B32081001B0843 /* MissionsViewController.swift in Sources */,
				656D7C1920B333D5000AC58C /* MissionTableViewCell.swift in Sources */,
				65A48D5F20B4705D000F7EEE /* MissionDetailTableViewCell.swift in Sources */,
				656D7C1B20B334C9000AC58C /* Mission.swift in Sources */,
				65A48D6120B47273000F7EEE /* MissionsDetailViewController.swift in Sources */,
				658DCF5120B32081001B0843 /* AppDelegate.swift in Sources */,
				65A48D6520B47C9C000F7EEE /* Launchpad.swift in Sources */,
				656D7C1D20B33941000AC58C /* API.swift in Sources */,
				65A48D6320B47762000F7EEE /* Rocket.swift in Sources */,
			);
			runOnlyForDeploymentPostprocessing = 0;
		};
		658DCF5D20B32092001B0843 /* Sources */ = {
			isa = PBXSourcesBuildPhase;
			buildActionMask = 2147483647;
			files = (
				658DCF6620B32092001B0843 /* RocketyTests.swift in Sources */,
			);
			runOnlyForDeploymentPostprocessing = 0;
		};
/* End PBXSourcesBuildPhase section */

/* Begin PBXTargetDependency section */
		658DCF6320B32092001B0843 /* PBXTargetDependency */ = {
			isa = PBXTargetDependency;
			target = 658DCF4C20B32080001B0843 /* Rockety */;
			targetProxy = 658DCF6220B32092001B0843 /* PBXContainerItemProxy */;
		};
/* End PBXTargetDependency section */

/* Begin PBXVariantGroup section */
		658DCF5420B32081001B0843 /* Main.storyboard */ = {
			isa = PBXVariantGroup;
			children = (
				658DCF5520B32081001B0843 /* Base */,
			);
			name = Main.storyboard;
			sourceTree = "<group>";
		};
		658DCF5920B32092001B0843 /* LaunchScreen.storyboard */ = {
			isa = PBXVariantGroup;
			children = (
				658DCF5A20B32092001B0843 /* Base */,
			);
			name = LaunchScreen.storyboard;
			sourceTree = "<group>";
		};
/* End PBXVariantGroup section */

/* Begin XCBuildConfiguration section */
		658DCF6820B32092001B0843 /* Debug */ = {
			isa = XCBuildConfiguration;
			buildSettings = {
				ALWAYS_SEARCH_USER_PATHS = NO;
				CLANG_ANALYZER_NONNULL = YES;
				CLANG_ANALYZER_NUMBER_OBJECT_CONVERSION = YES_AGGRESSIVE;
				CLANG_CXX_LANGUAGE_STANDARD = "gnu++14";
				CLANG_CXX_LIBRARY = "libc++";
				CLANG_ENABLE_MODULES = YES;
				CLANG_ENABLE_OBJC_ARC = YES;
				CLANG_ENABLE_OBJC_WEAK = YES;
				CLANG_WARN_BLOCK_CAPTURE_AUTORELEASING = YES;
				CLANG_WARN_BOOL_CONVERSION = YES;
				CLANG_WARN_COMMA = YES;
				CLANG_WARN_CONSTANT_CONVERSION = YES;
				CLANG_WARN_DEPRECATED_OBJC_IMPLEMENTATIONS = YES;
				CLANG_WARN_DIRECT_OBJC_ISA_USAGE = YES_ERROR;
				CLANG_WARN_DOCUMENTATION_COMMENTS = YES;
				CLANG_WARN_EMPTY_BODY = YES;
				CLANG_WARN_ENUM_CONVERSION = YES;
				CLANG_WARN_INFINITE_RECURSION = YES;
				CLANG_WARN_INT_CONVERSION = YES;
				CLANG_WARN_NON_LITERAL_NULL_CONVERSION = YES;
				CLANG_WARN_OBJC_IMPLICIT_RETAIN_SELF = YES;
				CLANG_WARN_OBJC_LITERAL_CONVERSION = YES;
				CLANG_WARN_OBJC_ROOT_CLASS = YES_ERROR;
				CLANG_WARN_RANGE_LOOP_ANALYSIS = YES;
				CLANG_WARN_STRICT_PROTOTYPES = YES;
				CLANG_WARN_SUSPICIOUS_MOVE = YES;
				CLANG_WARN_UNGUARDED_AVAILABILITY = YES_AGGRESSIVE;
				CLANG_WARN_UNREACHABLE_CODE = YES;
				CLANG_WARN__DUPLICATE_METHOD_MATCH = YES;
				CODE_SIGN_IDENTITY = "iPhone Developer";
				COPY_PHASE_STRIP = NO;
				DEBUG_INFORMATION_FORMAT = dwarf;
				ENABLE_STRICT_OBJC_MSGSEND = YES;
				ENABLE_TESTABILITY = YES;
				GCC_C_LANGUAGE_STANDARD = gnu11;
				GCC_DYNAMIC_NO_PIC = NO;
				GCC_NO_COMMON_BLOCKS = YES;
				GCC_OPTIMIZATION_LEVEL = 0;
				GCC_PREPROCESSOR_DEFINITIONS = (
					"DEBUG=1",
					"$(inherited)",
				);
				GCC_WARN_64_TO_32_BIT_CONVERSION = YES;
				GCC_WARN_ABOUT_RETURN_TYPE = YES_ERROR;
				GCC_WARN_UNDECLARED_SELECTOR = YES;
				GCC_WARN_UNINITIALIZED_AUTOS = YES_AGGRESSIVE;
				GCC_WARN_UNUSED_FUNCTION = YES;
				GCC_WARN_UNUSED_VARIABLE = YES;
				IPHONEOS_DEPLOYMENT_TARGET = 11.3;
				MTL_ENABLE_DEBUG_INFO = YES;
				ONLY_ACTIVE_ARCH = YES;
				SDKROOT = iphoneos;
				SWIFT_ACTIVE_COMPILATION_CONDITIONS = DEBUG;
				SWIFT_OPTIMIZATION_LEVEL = "-Onone";
			};
			name = Debug;
		};
		658DCF6920B32092001B0843 /* Release */ = {
			isa = XCBuildConfiguration;
			buildSettings = {
				ALWAYS_SEARCH_USER_PATHS = NO;
				CLANG_ANALYZER_NONNULL = YES;
				CLANG_ANALYZER_NUMBER_OBJECT_CONVERSION = YES_AGGRESSIVE;
				CLANG_CXX_LANGUAGE_STANDARD = "gnu++14";
				CLANG_CXX_LIBRARY = "libc++";
				CLANG_ENABLE_MODULES = YES;
				CLANG_ENABLE_OBJC_ARC = YES;
				CLANG_ENABLE_OBJC_WEAK = YES;
				CLANG_WARN_BLOCK_CAPTURE_AUTORELEASING = YES;
				CLANG_WARN_BOOL_CONVERSION = YES;
				CLANG_WARN_COMMA = YES;
				CLANG_WARN_CONSTANT_CONVERSION = YES;
				CLANG_WARN_DEPRECATED_OBJC_IMPLEMENTATIONS = YES;
				CLANG_WARN_DIRECT_OBJC_ISA_USAGE = YES_ERROR;
				CLANG_WARN_DOCUMENTATION_COMMENTS = YES;
				CLANG_WARN_EMPTY_BODY = YES;
				CLANG_WARN_ENUM_CONVERSION = YES;
				CLANG_WARN_INFINITE_RECURSION = YES;
				CLANG_WARN_INT_CONVERSION = YES;
				CLANG_WARN_NON_LITERAL_NULL_CONVERSION = YES;
				CLANG_WARN_OBJC_IMPLICIT_RETAIN_SELF = YES;
				CLANG_WARN_OBJC_LITERAL_CONVERSION = YES;
				CLANG_WARN_OBJC_ROOT_CLASS = YES_ERROR;
				CLANG_WARN_RANGE_LOOP_ANALYSIS = YES;
				CLANG_WARN_STRICT_PROTOTYPES = YES;
				CLANG_WARN_SUSPICIOUS_MOVE = YES;
				CLANG_WARN_UNGUARDED_AVAILABILITY = YES_AGGRESSIVE;
				CLANG_WARN_UNREACHABLE_CODE = YES;
				CLANG_WARN__DUPLICATE_METHOD_MATCH = YES;
				CODE_SIGN_IDENTITY = "iPhone Developer";
				COPY_PHASE_STRIP = NO;
				DEBUG_INFORMATION_FORMAT = "dwarf-with-dsym";
				ENABLE_NS_ASSERTIONS = NO;
				ENABLE_STRICT_OBJC_MSGSEND = YES;
				GCC_C_LANGUAGE_STANDARD = gnu11;
				GCC_NO_COMMON_BLOCKS = YES;
				GCC_WARN_64_TO_32_BIT_CONVERSION = YES;
				GCC_WARN_ABOUT_RETURN_TYPE = YES_ERROR;
				GCC_WARN_UNDECLARED_SELECTOR = YES;
				GCC_WARN_UNINITIALIZED_AUTOS = YES_AGGRESSIVE;
				GCC_WARN_UNUSED_FUNCTION = YES;
				GCC_WARN_UNUSED_VARIABLE = YES;
				IPHONEOS_DEPLOYMENT_TARGET = 11.3;
				MTL_ENABLE_DEBUG_INFO = NO;
				SDKROOT = iphoneos;
				SWIFT_COMPILATION_MODE = wholemodule;
				SWIFT_OPTIMIZATION_LEVEL = "-O";
				VALIDATE_PRODUCT = YES;
			};
			name = Release;
		};
		658DCF6B20B32092001B0843 /* Debug */ = {
			isa = XCBuildConfiguration;
			baseConfigurationReference = E60530EC1CF2AA160F65D3EB /* Pods-Rockety.debug.xcconfig */;
			buildSettings = {
				ASSETCATALOG_COMPILER_APPICON_NAME = AppIcon;
				CODE_SIGN_STYLE = Automatic;
				DEVELOPMENT_TEAM = L6PKQSL7L2;
				INFOPLIST_FILE = Rockety/Info.plist;
				LD_RUNPATH_SEARCH_PATHS = "$(inherited) @executable_path/Frameworks";
				PRODUCT_BUNDLE_IDENTIFIER = ch.antoinebellanger.Rockety;
				PRODUCT_NAME = "$(TARGET_NAME)";
				SWIFT_VERSION = 4.0;
				TARGETED_DEVICE_FAMILY = "1,2";
			};
			name = Debug;
		};
		658DCF6C20B32092001B0843 /* Release */ = {
			isa = XCBuildConfiguration;
			baseConfigurationReference = 1517BB096DF03C2BC2AE67E2 /* Pods-Rockety.release.xcconfig */;
			buildSettings = {
				ASSETCATALOG_COMPILER_APPICON_NAME = AppIcon;
				CODE_SIGN_STYLE = Automatic;
				DEVELOPMENT_TEAM = L6PKQSL7L2;
				INFOPLIST_FILE = Rockety/Info.plist;
				LD_RUNPATH_SEARCH_PATHS = "$(inherited) @executable_path/Frameworks";
				PRODUCT_BUNDLE_IDENTIFIER = ch.antoinebellanger.Rockety;
				PRODUCT_NAME = "$(TARGET_NAME)";
				SWIFT_VERSION = 4.0;
				TARGETED_DEVICE_FAMILY = "1,2";
			};
			name = Release;
		};
		658DCF6E20B32092001B0843 /* Debug */ = {
			isa = XCBuildConfiguration;
			baseConfigurationReference = 7E63E337A4F690B700349812 /* Pods-RocketyTests.debug.xcconfig */;
			buildSettings = {
				ALWAYS_EMBED_SWIFT_STANDARD_LIBRARIES = YES;
				BUNDLE_LOADER = "$(TEST_HOST)";
				CODE_SIGN_STYLE = Automatic;
				DEVELOPMENT_TEAM = L6PKQSL7L2;
				INFOPLIST_FILE = RocketyTests/Info.plist;
				LD_RUNPATH_SEARCH_PATHS = "$(inherited) @executable_path/Frameworks @loader_path/Frameworks";
				PRODUCT_BUNDLE_IDENTIFIER = ch.antoinebellanger.RocketyTests;
				PRODUCT_NAME = "$(TARGET_NAME)";
				SWIFT_VERSION = 4.0;
				TARGETED_DEVICE_FAMILY = "1,2";
				TEST_HOST = "$(BUILT_PRODUCTS_DIR)/Rockety.app/Rockety";
			};
			name = Debug;
		};
		658DCF6F20B32092001B0843 /* Release */ = {
			isa = XCBuildConfiguration;
			baseConfigurationReference = CC7CE8E5E08897540CB140E1 /* Pods-RocketyTests.release.xcconfig */;
			buildSettings = {
				ALWAYS_EMBED_SWIFT_STANDARD_LIBRARIES = YES;
				BUNDLE_LOADER = "$(TEST_HOST)";
				CODE_SIGN_STYLE = Automatic;
				DEVELOPMENT_TEAM = L6PKQSL7L2;
				INFOPLIST_FILE = RocketyTests/Info.plist;
				LD_RUNPATH_SEARCH_PATHS = "$(inherited) @executable_path/Frameworks @loader_path/Frameworks";
				PRODUCT_BUNDLE_IDENTIFIER = ch.antoinebellanger.RocketyTests;
				PRODUCT_NAME = "$(TARGET_NAME)";
				SWIFT_VERSION = 4.0;
				TARGETED_DEVICE_FAMILY = "1,2";
				TEST_HOST = "$(BUILT_PRODUCTS_DIR)/Rockety.app/Rockety";
			};
			name = Release;
		};
/* End XCBuildConfiguration section */

/* Begin XCConfigurationList section */
		658DCF4820B32080001B0843 /* Build configuration list for PBXProject "Rockety" */ = {
			isa = XCConfigurationList;
			buildConfigurations = (
				658DCF6820B32092001B0843 /* Debug */,
				658DCF6920B32092001B0843 /* Release */,
			);
			defaultConfigurationIsVisible = 0;
			defaultConfigurationName = Release;
		};
		658DCF6A20B32092001B0843 /* Build configuration list for PBXNativeTarget "Rockety" */ = {
			isa = XCConfigurationList;
			buildConfigurations = (
				658DCF6B20B32092001B0843 /* Debug */,
				658DCF6C20B32092001B0843 /* Release */,
			);
			defaultConfigurationIsVisible = 0;
			defaultConfigurationName = Release;
		};
		658DCF6D20B32092001B0843 /* Build configuration list for PBXNativeTarget "RocketyTests" */ = {
			isa = XCConfigurationList;
			buildConfigurations = (
				658DCF6E20B32092001B0843 /* Debug */,
				658DCF6F20B32092001B0843 /* Release */,
			);
			defaultConfigurationIsVisible = 0;
			defaultConfigurationName = Release;
		};
/* End XCConfigurationList section */
	};
	rootObject = 658DCF4520B32080001B0843 /* Project object */;
}
